
Microsoft Visual Studio Solution File, Format Version 12.00
# Visual Studio 15
VisualStudioVersion = 15.0.28307.136
MinimumVisualStudioVersion = 10.0.40219.1
Project("{FAE04EC0-301F-11D3-BF4B-00C04F79EFBC}") = "BlobStorage", "BlobStorage\BlobStorage.csproj", "{61EF4B90-9020-4C38-8FED-D248246BE9CA}"
EndProject
Project("{9A19103F-16F7-4668-BE54-9A1E7A4F7556}") = "BlobStorage.NetCore", "BlobStorage.NetCore\BlobStorage.NetCore.csproj", "{41FEAF41-B01E-4E8D-ACC8-F09450118C0C}"
EndProject
Project("{FAE04EC0-301F-11D3-BF4B-00C04F79EFBC}") = "BlobStorage.NetCore.SplitSdk", "BlobStorage.NetCore.SplitSdk\BlobStorage.NetCore.SplitSdk.csproj", "{7937DB34-4DEF-4F96-8E5B-A1BEAC1C0606}"
EndProject
Global
	GlobalSection(SolutionConfigurationPlatforms) = preSolution
		Debug|Any CPU = Debug|Any CPU
		Release|Any CPU = Release|Any CPU
	EndGlobalSection
	GlobalSection(ProjectConfigurationPlatforms) = postSolution
		{61EF4B90-9020-4C38-8FED-D248246BE9CA}.Debug|Any CPU.ActiveCfg = Debug|Any CPU
		{61EF4B90-9020-4C38-8FED-D248246BE9CA}.Debug|Any CPU.Build.0 = Debug|Any CPU
		{61EF4B90-9020-4C38-8FED-D248246BE9CA}.Release|Any CPU.ActiveCfg = Release|Any CPU
		{61EF4B90-9020-4C38-8FED-D248246BE9CA}.Release|Any CPU.Build.0 = Release|Any CPU
		{41FEAF41-B01E-4E8D-ACC8-F09450118C0C}.Debug|Any CPU.ActiveCfg = Debug|Any CPU
		{41FEAF41-B01E-4E8D-ACC8-F09450118C0C}.Debug|Any CPU.Build.0 = Debug|Any CPU
		{41FEAF41-B01E-4E8D-ACC8-F09450118C0C}.Release|Any CPU.ActiveCfg = Release|Any CPU
		{41FEAF41-B01E-4E8D-ACC8-F09450118C0C}.Release|Any CPU.Build.0 = Release|Any CPU
		{7937DB34-4DEF-4F96-8E5B-A1BEAC1C0606}.Debug|Any CPU.ActiveCfg = Debug|Any CPU
		{7937DB34-4DEF-4F96-8E5B-A1BEAC1C0606}.Debug|Any CPU.Build.0 = Debug|Any CPU
		{7937DB34-4DEF-4F96-8E5B-A1BEAC1C0606}.Release|Any CPU.ActiveCfg = Release|Any CPU
		{7937DB34-4DEF-4F96-8E5B-A1BEAC1C0606}.Release|Any CPU.Build.0 = Release|Any CPU
	EndGlobalSection
	GlobalSection(SolutionProperties) = preSolution
		HideSolutionNode = FALSE
	EndGlobalSection
	GlobalSection(ExtensibilityGlobals) = postSolution
		SolutionGuid = {104FC8FE-E544-43BC-B848-0BAAEA63E3AB}
	EndGlobalSection
EndGlobal
